{
  "requires": true,
  "lockfileVersion": 1,
  "dependencies": {
    "vue-cli-plugin-bootstrap-vue": {
      "version": "0.8.0",
      "resolved": "https://registry.npmjs.org/vue-cli-plugin-bootstrap-vue/-/vue-cli-plugin-bootstrap-vue-0.8.0.tgz",
      "integrity": "sha512-Dd0uRwyB2Ogju1cIPZriKbLvDDL1RCcOb7qUUrNiWso4AJKAS5huyav06w+5D7j09XrlNPsW4b5VJm4/OlGGXA==",
      "dev": true
    }
  }
}
